
Microsoft Visual Studio Solution File, Format Version 12.00
# Visual Studio Version 17
VisualStudioVersion = 17.8.34322.80
MinimumVisualStudioVersion = 10.0.40219.1
Project("{9A19103F-16F7-4668-BE54-9A1E7A4F7556}") = "API_LIBRARY", "API_LIBRARY\API_LIBRARY.csproj", "{FAC75541-F910-43E0-9251-726CCA1B27D0}"
EndProject
Project("{FAE04EC0-301F-11D3-BF4B-00C04F79EFBC}") = "ConsumeWebAPI", "ConsumeWebAPI\ConsumeWebAPI.csproj", "{063A9BE1-2366-4596-A88B-FE5A1305E0D1}"
EndProject
Global
	GlobalSection(SolutionConfigurationPlatforms) = preSolution
		Debug|Any CPU = Debug|Any CPU
		Release|Any CPU = Release|Any CPU
	EndGlobalSection
	GlobalSection(ProjectConfigurationPlatforms) = postSolution
		{FAC75541-F910-43E0-9251-726CCA1B27D0}.Debug|Any CPU.ActiveCfg = Debug|Any CPU
		{FAC75541-F910-43E0-9251-726CCA1B27D0}.Debug|Any CPU.Build.0 = Debug|Any CPU
		{FAC75541-F910-43E0-9251-726CCA1B27D0}.Release|Any CPU.ActiveCfg = Release|Any CPU
		{FAC75541-F910-43E0-9251-726CCA1B27D0}.Release|Any CPU.Build.0 = Release|Any CPU
		{063A9BE1-2366-4596-A88B-FE5A1305E0D1}.Debug|Any CPU.ActiveCfg = Debug|Any CPU
		{063A9BE1-2366-4596-A88B-FE5A1305E0D1}.Debug|Any CPU.Build.0 = Debug|Any CPU
		{063A9BE1-2366-4596-A88B-FE5A1305E0D1}.Release|Any CPU.ActiveCfg = Release|Any CPU
		{063A9BE1-2366-4596-A88B-FE5A1305E0D1}.Release|Any CPU.Build.0 = Release|Any CPU
	EndGlobalSection
	GlobalSection(SolutionProperties) = preSolution
		HideSolutionNode = FALSE
	EndGlobalSection
	GlobalSection(ExtensibilityGlobals) = postSolution
		SolutionGuid = {FA2D5767-B037-48F0-A659-0686F7AF41D4}
	EndGlobalSection
EndGlobal
